<?xml version="1.0" encoding="utf-8"?>
<Project ToolsVersion="4.0" xmlns="http://schemas.microsoft.com/developer/msbuild/2003">
  <ItemGroup>
    <Filter Include="Default">
      <UniqueIdentifier>{d5d991eb-5dc7-493b-ac69-6fd730f16782}</UniqueIdentifier>
    </Filter>
    <Filter Include="Default\리소스 파일">
      <UniqueIdentifier>{67DA6AB6-F800-4c08-8B7A-83BB121AAD01}</UniqueIdentifier>
      <Extensions>rc;ico;cur;bmp;dlg;rc2;rct;bin;rgs;gif;jpg;jpeg;jpe;resx;tiff;tif;png;wav;mfcribbon-ms</Extensions>
    </Filter>
    <Filter Include="Engine">
      <UniqueIdentifier>{532499ce-c3ad-4121-b4c8-e80bdd3d30a0}</UniqueIdentifier>
    </Filter>
    <Filter Include="Engine\01.Core">
      <UniqueIdentifier>{985c98d3-f3ef-4ffe-a949-da730d573514}</UniqueIdentifier>
    </Filter>
    <Filter Include="Engine\02.Header">
      <UniqueIdentifier>{7742a0c5-beaf-4ec8-a755-2e51e8ee1455}</UniqueIdentifier>
    </Filter>
    <Filter Include="Engine\03.Manager">
      <UniqueIdentifier>{8f557750-f5ee-40de-af0a-94b9f2157fc1}</UniqueIdentifier>
    </Filter>
    <Filter Include="Engine\04.CScene">
      <UniqueIdentifier>{6eda34b9-562d-4819-93f3-9e49a7149456}</UniqueIdentifier>
    </Filter>
    <Filter Include="Engine\04.CScene\CSceneStart">
      <UniqueIdentifier>{959b1a2a-a842-4832-935b-1a99705d19b9}</UniqueIdentifier>
    </Filter>
    <Filter Include="Engine\05.CObject">
      <UniqueIdentifier>{cdfaf66b-6ade-4d15-9ed9-65fd0e8239cf}</UniqueIdentifier>
    </Filter>
    <Filter Include="Engine\05.CObject\CPlayer">
      <UniqueIdentifier>{7d323365-1618-458c-b614-6ec8c1f0bac1}</UniqueIdentifier>
    </Filter>
    <Filter Include="Engine\06.Resource">
      <UniqueIdentifier>{132d4509-62a5-439f-beec-7f9c5f188df9}</UniqueIdentifier>
    </Filter>
    <Filter Include="Engine\06.Resource\CTexture">
      <UniqueIdentifier>{7bdf3f5c-677e-400b-9387-1e2b6aacbeb3}</UniqueIdentifier>
    </Filter>
    <Filter Include="Engine\03.Manager\KeyMgr">
      <UniqueIdentifier>{12cad549-2183-4827-ae51-11034b243ef6}</UniqueIdentifier>
    </Filter>
    <Filter Include="Engine\03.Manager\ResMgr">
      <UniqueIdentifier>{e3869603-19e8-4ab7-a5fb-00dde228a20c}</UniqueIdentifier>
    </Filter>
    <Filter Include="Engine\03.Manager\SceneMgr">
      <UniqueIdentifier>{aeb3aff8-0eaa-4d86-8b64-7de5c9ff4e82}</UniqueIdentifier>
    </Filter>
    <Filter Include="Engine\03.Manager\TimeMgr">
      <UniqueIdentifier>{c336f2fc-6732-4fa6-afb2-10691bc4ee68}</UniqueIdentifier>
    </Filter>
    <Filter Include="Engine\03.Manager\PathMgr">
      <UniqueIdentifier>{2ad704fd-1619-4793-949f-680fbbf41f9b}</UniqueIdentifier>
    </Filter>
    <Filter Include="Engine\07.Component">
      <UniqueIdentifier>{51902862-3c47-44eb-ad08-57746c885bb6}</UniqueIdentifier>
    </Filter>
    <Filter Include="Engine\07.Component\Rigidbody">
      <UniqueIdentifier>{5c324fcb-69b3-45a1-82fc-5db9ded6dc89}</UniqueIdentifier>
    </Filter>
    <Filter Include="Engine\05.CObject\CMonster">
      <UniqueIdentifier>{4b2ea7d9-5127-4680-b8d5-f1c644e494b5}</UniqueIdentifier>
    </Filter>
    <Filter Include="Engine\07.Component\CCollider">
      <UniqueIdentifier>{726b9c49-4dbe-4676-8423-b65706d8e0c0}</UniqueIdentifier>
    </Filter>
    <Filter Include="Engine\03.Manager\ColliderMgr">
      <UniqueIdentifier>{fa21f273-163a-4fec-9f9a-0b05c52fb5dd}</UniqueIdentifier>
    </Filter>
    <Filter Include="Engine\03.Manager\CCameraMgr">
      <UniqueIdentifier>{1d45f89b-e862-412d-b8d2-029f2558dc00}</UniqueIdentifier>
    </Filter>
    <Filter Include="Engine\03.Manager\EventMgr">
      <UniqueIdentifier>{4cceb41d-1f12-4b91-b259-6f7208f87863}</UniqueIdentifier>
    </Filter>
    <Filter Include="Engine\07.Component\Gravity">
      <UniqueIdentifier>{43d3c916-78a4-41cc-b616-93f80b87439c}</UniqueIdentifier>
    </Filter>
    <Filter Include="Engine\08.Module">
      <UniqueIdentifier>{6058e648-29d8-414d-ac2d-5b63290ff707}</UniqueIdentifier>
    </Filter>
    <Filter Include="Engine\08.Module\AI">
      <UniqueIdentifier>{39534310-d315-4235-86b3-b09dbee1511b}</UniqueIdentifier>
    </Filter>
    <Filter Include="Engine\08.Module\State">
      <UniqueIdentifier>{1445e40d-53cb-4ea4-9a03-4ac29254e434}</UniqueIdentifier>
    </Filter>
    <Filter Include="Engine\08.Module\State\IdleState">
      <UniqueIdentifier>{849b7f59-af69-4994-8df9-56f701c897fd}</UniqueIdentifier>
    </Filter>
    <Filter Include="Engine\08.Module\State\Trace">
      <UniqueIdentifier>{0794606c-bc52-4395-bf48-f9664f4c557c}</UniqueIdentifier>
    </Filter>
    <Filter Include="Engine\09.Factory">
      <UniqueIdentifier>{16caec8a-38fd-412a-a57d-e20316ffa36f}</UniqueIdentifier>
    </Filter>
    <Filter Include="Engine\05.CObject\CWall">
      <UniqueIdentifier>{a192eaaf-8de6-49f0-a2f0-97128d4c302f}</UniqueIdentifier>
    </Filter>
    <Filter Include="Engine\05.CObject\CPortal">
      <UniqueIdentifier>{d5206db6-767e-4e48-9a00-69a5e2d489f4}</UniqueIdentifier>
    </Filter>
    <Filter Include="Engine\07.Component\Animator">
      <UniqueIdentifier>{818f6690-a83e-4a09-922a-c560a0ff00fe}</UniqueIdentifier>
    </Filter>
    <Filter Include="Engine\07.Component\Animator\CAnimation">
      <UniqueIdentifier>{775d0aa5-1508-42c4-9f1b-3814b231e992}</UniqueIdentifier>
    </Filter>
    <Filter Include="Engine\05.CObject\CBullet">
      <UniqueIdentifier>{d37587fc-24c7-4618-8df5-062d3099baa9}</UniqueIdentifier>
    </Filter>
    <Filter Include="Engine\07.Component\CSkill">
      <UniqueIdentifier>{87399248-57b7-47f8-8518-c6858add6292}</UniqueIdentifier>
    </Filter>
    <Filter Include="Engine\03.Manager\SkillMgr">
      <UniqueIdentifier>{555f4500-ed19-4a1a-90a2-c4ddd57f1603}</UniqueIdentifier>
    </Filter>
    <Filter Include="Engine\07.Component\CSkill\SkillState">
      <UniqueIdentifier>{4a03e002-3d08-4a4c-a9f0-e30d6370c9a0}</UniqueIdentifier>
    </Filter>
    <Filter Include="Engine\07.Component\CSkill\SkillState\WindMill">
      <UniqueIdentifier>{59578c46-11f2-4dd6-a1e2-a4fe1fcefc15}</UniqueIdentifier>
    </Filter>
    <Filter Include="Engine\07.Component\CSkill\SkillState\Punisher">
      <UniqueIdentifier>{172502fe-98b0-42cb-841a-5f21b2dedc6d}</UniqueIdentifier>
    </Filter>
    <Filter Include="Engine\07.Component\CSkill\SkillState\MachKick">
      <UniqueIdentifier>{c0483141-6593-4209-8286-cfbff325ee51}</UniqueIdentifier>
    </Filter>
    <Filter Include="Engine\07.Component\CSkill\SkillState\RandomFire">
      <UniqueIdentifier>{c682300c-ffc0-4034-92a2-91e92647ceef}</UniqueIdentifier>
    </Filter>
    <Filter Include="Engine\07.Component\CSkill\SkillState\Kick">
      <UniqueIdentifier>{4f71480f-5ed7-42b5-85ba-970173e656ac}</UniqueIdentifier>
    </Filter>
    <Filter Include="Engine\07.Component\CSkill\SkillState\WalkFire">
      <UniqueIdentifier>{9a851731-f131-452a-82ba-7b964ccb87c5}</UniqueIdentifier>
    </Filter>
    <Filter Include="Engine\05.CObject\CMonster\CDragon">
      <UniqueIdentifier>{090405d6-a56c-4b2f-9a22-d70229bd3c70}</UniqueIdentifier>
    </Filter>
    <Filter Include="Engine\08.Module\State\CAttackState">
      <UniqueIdentifier>{02404431-ec09-4bfb-88af-a0fc0ec50d07}</UniqueIdentifier>
    </Filter>
    <Filter Include="Engine\08.Module\State\Trace\CExclusiveTrace">
      <UniqueIdentifier>{ffd6552c-fe79-45a6-abeb-32b578110a1e}</UniqueIdentifier>
    </Filter>
    <Filter Include="Engine\05.CObject\CFireBall">
      <UniqueIdentifier>{b2d68b4f-ee1b-4e3f-9e65-8a8eff16123e}</UniqueIdentifier>
    </Filter>
    <Filter Include="Engine\08.Module\State\CHitState">
      <UniqueIdentifier>{e725c0fd-b8e1-4dfb-8ad2-9185b6da1408}</UniqueIdentifier>
    </Filter>
    <Filter Include="Engine\08.Module\State\CDeadState">
      <UniqueIdentifier>{b21b5e10-d9b4-4c7a-b910-46401aa67279}</UniqueIdentifier>
    </Filter>
    <Filter Include="Engine\08.Module\State\CHitState\CHitUpper">
      <UniqueIdentifier>{f6d0a247-f455-48ea-be0c-07dffa5312fc}</UniqueIdentifier>
    </Filter>
    <Filter Include="Engine\08.Module\CPlayerFSM">
      <UniqueIdentifier>{96a9e475-3968-4255-9294-9ee493860fc0}</UniqueIdentifier>
    </Filter>
    <Filter Include="Engine\08.Module\CPlayerFSM\CPlayerState">
      <UniqueIdentifier>{6a81d444-5875-4434-a5e2-febd41548abf}</UniqueIdentifier>
    </Filter>
    <Filter Include="Engine\08.Module\CPlayerFSM\CPlayerState\CPlayerIdle">
      <UniqueIdentifier>{d78b7144-92d0-4fe4-ac46-f4b588e50057}</UniqueIdentifier>
    </Filter>
    <Filter Include="Engine\08.Module\CPlayerFSM\CPlayerState\CPlayerWalk">
      <UniqueIdentifier>{47dcead1-ce23-4350-80b1-334b5fdad25d}</UniqueIdentifier>
    </Filter>
    <Filter Include="Engine\08.Module\CPlayerFSM\CPlayerState\CPlayerRun">
      <UniqueIdentifier>{9d3060b2-8023-45db-96c0-0a7d510e8da1}</UniqueIdentifier>
    </Filter>
    <Filter Include="Engine\08.Module\CPlayerFSM\CPlayerState\CPlayerJump">
      <UniqueIdentifier>{8d584f88-cc96-4cba-855f-819fa7c137dd}</UniqueIdentifier>
    </Filter>
    <Filter Include="Engine\08.Module\CPlayerFSM\CPlayerState\CPlayerJumpAir">
      <UniqueIdentifier>{cc231a77-bbb8-42a6-8660-fc128d2b9aef}</UniqueIdentifier>
    </Filter>
    <Filter Include="Engine\08.Module\CPlayerFSM\CPlayerState\CPlayerJumpDown">
      <UniqueIdentifier>{344b6500-c5b1-44f8-9f44-f54a32bab943}</UniqueIdentifier>
    </Filter>
    <Filter Include="Engine\08.Module\CPlayerFSM\CPlayerState\CPlayerAttack">
      <UniqueIdentifier>{0382bca6-7837-4e67-83b6-8d222bfdb5f3}</UniqueIdentifier>
    </Filter>
    <Filter Include="Engine\08.Module\CPlayerFSM\CPlayerState\CPlayerAttackDown">
      <UniqueIdentifier>{a8ce63ca-42b2-4922-bdf7-24838a341e8f}</UniqueIdentifier>
    </Filter>
    <Filter Include="Engine\08.Module\CPlayerFSM\CPlayerState\CPlayeJumpAttack">
      <UniqueIdentifier>{164d0e98-bc04-47dd-b944-2562e8fad0f7}</UniqueIdentifier>
    </Filter>
    <Filter Include="Engine\08.Module\CPlayerFSM\CPlayerState\CPlayerSliding">
      <UniqueIdentifier>{20f80fe8-f3dd-4fc7-be79-f1b61c59ebd8}</UniqueIdentifier>
    </Filter>
    <Filter Include="Engine\04.CScene\CSeriaScene">
      <UniqueIdentifier>{9bdccd55-0edc-4439-adcd-77ff9f1b0185}</UniqueIdentifier>
    </Filter>
    <Filter Include="Engine\08.Module\CPlayerFSM\CPlayerState\CplayerHit">
      <UniqueIdentifier>{d096258b-f57a-4f5a-bfb3-d3888708a2c0}</UniqueIdentifier>
    </Filter>
    <Filter Include="Engine\08.Module\CPlayerFSM\CPlayerState\CPlayerHitUpper">
      <UniqueIdentifier>{2bd89710-5810-47f2-84a7-9d878ed59f1d}</UniqueIdentifier>
    </Filter>
    <Filter Include="Engine\05.CObject\CUI">
      <UniqueIdentifier>{57cc7de6-cc3d-46a9-9dfc-5f57a19a3f3d}</UniqueIdentifier>
    </Filter>
    <Filter Include="Engine\03.Manager\CUIMgr">
      <UniqueIdentifier>{9d6b1edf-e5b2-4c9a-93f8-b3e51a8ad8ec}</UniqueIdentifier>
    </Filter>
    <Filter Include="Engine\05.CObject\CUI\CInterFace">
      <UniqueIdentifier>{3e1f7ba3-9168-4ace-b637-8c078178bb58}</UniqueIdentifier>
    </Filter>
    <Filter Include="Engine\05.CObject\CUI\CInterFace\CHP">
      <UniqueIdentifier>{9a99f83b-9767-405b-aec6-46472addb8ff}</UniqueIdentifier>
    </Filter>
    <Filter Include="Engine\05.CObject\CUI\CInterFace\CMP">
      <UniqueIdentifier>{85341f5f-4f73-4372-9cd6-9e1caca88a47}</UniqueIdentifier>
    </Filter>
    <Filter Include="Engine\03.Manager\CInterFaceMgr">
      <UniqueIdentifier>{5b7060ed-0f76-4c3f-a6a5-fecb899e3219}</UniqueIdentifier>
    </Filter>
    <Filter Include="Engine\05.CObject\CMonster\CBlueDragon">
      <UniqueIdentifier>{f4ad8021-be9a-4224-aab7-4510df7a4146}</UniqueIdentifier>
    </Filter>
    <Filter Include="Engine\08.Module\State\CAttackState\CAttackObject">
      <UniqueIdentifier>{efd3f845-240a-400b-bd77-dbf22b4bd388}</UniqueIdentifier>
    </Filter>
    <Filter Include="Engine\08.Module\State\CDefenseState">
      <UniqueIdentifier>{e6bcc385-aec3-473a-990d-6cd3b00e2dfd}</UniqueIdentifier>
    </Filter>
    <Filter Include="Engine\05.CObject\CUI\CMonUI">
      <UniqueIdentifier>{ffe4c152-5e7f-44cd-85dc-44b09b699931}</UniqueIdentifier>
    </Filter>
    <Filter Include="Engine\05.CObject\CUI\CMonUI\MonInterface">
      <UniqueIdentifier>{f20df48d-cc4d-4e8b-a6d1-39d82075b6ac}</UniqueIdentifier>
    </Filter>
    <Filter Include="Engine\05.CObject\CUI\CMonUI\CMonHP">
      <UniqueIdentifier>{6e845dde-0934-4aef-a27d-5423f5807975}</UniqueIdentifier>
    </Filter>
    <Filter Include="Engine\04.CScene\CSceneBack">
      <UniqueIdentifier>{41e281c3-6887-4e7a-ab1f-c54216c95ea8}</UniqueIdentifier>
    </Filter>
    <Filter Include="Engine\04.CScene\CSceneWest">
      <UniqueIdentifier>{3512ed0b-fece-4dbc-98d5-4a03954d8ee5}</UniqueIdentifier>
    </Filter>
    <Filter Include="Engine\04.CScene\CSceneSky">
      <UniqueIdentifier>{7c3d8268-6ace-49d2-985e-2faa12e93af5}</UniqueIdentifier>
    </Filter>
    <Filter Include="Engine\05.CObject\SkyTowerObj">
      <UniqueIdentifier>{be2794e1-fa48-4d0d-9da9-d70f91e05686}</UniqueIdentifier>
    </Filter>
    <Filter Include="Engine\05.CObject\SkyTowerObj\stonebox">
      <UniqueIdentifier>{2ef78a1c-f0bf-4b03-8f0a-580ab7a6281c}</UniqueIdentifier>
    </Filter>
    <Filter Include="Engine\05.CObject\SkyTowerObj\spinner">
      <UniqueIdentifier>{e27da192-8275-4479-8dc4-6ee9237174cb}</UniqueIdentifier>
    </Filter>
    <Filter Include="Engine\05.CObject\SkyTowerObj\gate">
      <UniqueIdentifier>{e569bf89-de54-4b48-b201-8f23b8762ec1}</UniqueIdentifier>
    </Filter>
    <Filter Include="Engine\05.CObject\SkyTowerObj\stone_pillar">
      <UniqueIdentifier>{61b855c9-85ad-4c13-96ab-ff4988bd60a5}</UniqueIdentifier>
    </Filter>
    <Filter Include="Engine\05.CObject\SkyTowerObj\dragonobj">
      <UniqueIdentifier>{e39a6c6a-2d60-410d-b606-30386497318d}</UniqueIdentifier>
    </Filter>
    <Filter Include="Engine\05.CObject\SkyTowerObj\crystal_pillar">
      <UniqueIdentifier>{13866778-1b66-4cb5-a0e1-f37dcd170975}</UniqueIdentifier>
    </Filter>
    <Filter Include="Engine\05.CObject\CBoss">
      <UniqueIdentifier>{1a671ec5-b3b2-4440-988a-0ff08d44d9eb}</UniqueIdentifier>
    </Filter>
    <Filter Include="Engine\08.Module\State\CAttackState\Near">
      <UniqueIdentifier>{01dbc869-30e4-4c29-8cad-ca074fa2f7ea}</UniqueIdentifier>
    </Filter>
    <Filter Include="Engine\08.Module\State\BossAttackState">
      <UniqueIdentifier>{3533685a-64e2-486c-8cdd-225769880e79}</UniqueIdentifier>
    </Filter>
    <Filter Include="Engine\08.Module\State\BossAttackState\Standoff">
      <UniqueIdentifier>{52ca265b-aaaa-40d2-806b-0d5922816b25}</UniqueIdentifier>
    </Filter>
    <Filter Include="Engine\08.Module\State\BossAttackState\UltimateState">
      <UniqueIdentifier>{db03a90b-2cd7-42b1-9442-ae3301519c06}</UniqueIdentifier>
    </Filter>
    <Filter Include="Engine\03.Manager\CInventoryMgr">
      <UniqueIdentifier>{6f4d7948-8259-4da2-9007-02ee28257683}</UniqueIdentifier>
    </Filter>
    <Filter Include="Engine\05.CObject\CUI\CItem">
      <UniqueIdentifier>{b581aa59-a96c-4c5a-9cd8-d0cb3b3dbb03}</UniqueIdentifier>
    </Filter>
    <Filter Include="Engine\05.CObject\CUI\CItem\CHPItem">
      <UniqueIdentifier>{d8427d69-a26c-4d95-a3b2-cb018c595dfb}</UniqueIdentifier>
    </Filter>
    <Filter Include="Engine\05.CObject\CUI\CItem\CInventory">
      <UniqueIdentifier>{329f3247-3ca0-4c7d-87f1-506911173743}</UniqueIdentifier>
    </Filter>
    <Filter Include="Engine\05.CObject\CUI\CItem\CMPItem">
      <UniqueIdentifier>{8afecf30-c6f8-49fb-aa0f-d00f5cd720d8}</UniqueIdentifier>
    </Filter>
    <Filter Include="Engine\05.CObject\CUI\CItem\CItemObject">
      <UniqueIdentifier>{340b4411-2d04-49c2-9601-2704f3fb3aba}</UniqueIdentifier>
    </Filter>
    <Filter Include="Engine\03.Manager\CItemMgr">
      <UniqueIdentifier>{0360ff02-49e2-4454-ade9-637abf549bbe}</UniqueIdentifier>
    </Filter>
    <Filter Include="Engine\05.CObject\CMonster\CBrownDragon">
      <UniqueIdentifier>{35096f57-60ba-4f74-af5d-9f5533ff61cd}</UniqueIdentifier>
    </Filter>
    <Filter Include="Engine\04.CScene\CSceneSky\CSceneTower_3">
      <UniqueIdentifier>{d786e486-da14-4617-be2b-c8120794cef5}</UniqueIdentifier>
    </Filter>
    <Filter Include="Engine\04.CScene\CSceneSky\CSceneTower_2">
      <UniqueIdentifier>{042ed7c5-07c9-4582-91ee-a9d7b1c88ebc}</UniqueIdentifier>
    </Filter>
    <Filter Include="Engine\04.CScene\CSceneSky\CSceneTower4">
      <UniqueIdentifier>{fcac14ef-adbc-4b33-a672-50a147b15fca}</UniqueIdentifier>
    </Filter>
    <Filter Include="Engine\04.CScene\CSceneSky\SceneTower5">
      <UniqueIdentifier>{f38dbd99-a80a-4935-9733-d36c9bc492f5}</UniqueIdentifier>
    </Filter>
    <Filter Include="Engine\04.CScene\CSceneBoss">
      <UniqueIdentifier>{d0ecc7aa-4b19-401f-acbf-fc9a3fcbd839}</UniqueIdentifier>
    </Filter>
    <Filter Include="Engine\05.CObject\WallPixle">
      <UniqueIdentifier>{cc855214-37d8-47b8-a17d-1ddfe21bb1d6}</UniqueIdentifier>
    </Filter>
    <Filter Include="Engine\03.Manager\CCoinMgr">
      <UniqueIdentifier>{121c12c6-7726-421e-aa1f-d8270f0a2a00}</UniqueIdentifier>
    </Filter>
    <Filter Include="Engine\08.Module\CPlayerFSM\CPlayerState\CPlayerDead">
      <UniqueIdentifier>{2691dc3d-7d93-4eb9-8eba-9104e3e95236}</UniqueIdentifier>
    </Filter>
    <Filter Include="Engine\05.CObject\CMonster\CKnight">
      <UniqueIdentifier>{56d1e89f-6b0a-489a-a97d-48b4ab68b3cd}</UniqueIdentifier>
    </Filter>
    <Filter Include="Engine\06.Resource\CSound">
      <UniqueIdentifier>{8faea308-5f3e-41ca-98b3-e18e0b6fa7d4}</UniqueIdentifier>
    </Filter>
    <Filter Include="Engine\03.Manager\SoundMgr">
      <UniqueIdentifier>{67e49d42-2146-4467-9501-88880adf0609}</UniqueIdentifier>
    </Filter>
    <Filter Include="Engine\04.CScene\CSceneLog">
      <UniqueIdentifier>{b6d7dd37-005a-401f-a7fa-19544677b59d}</UniqueIdentifier>
    </Filter>
    <Filter Include="Engine\07.Component\CSkill\SkillState\Laser">
      <UniqueIdentifier>{f0781cf5-89b3-4f41-a3cb-83cf0fbdcf07}</UniqueIdentifier>
    </Filter>
    <Filter Include="Engine\05.CObject\CMonster\CNaias">
      <UniqueIdentifier>{46e82c20-675a-406d-bf98-fb17b5060da1}</UniqueIdentifier>
    </Filter>
    <Filter Include="Engine\08.Module\State\CNaiasState">
      <UniqueIdentifier>{6b0bd3c3-e9ca-461a-8f54-f82fdf07a499}</UniqueIdentifier>
    </Filter>
    <Filter Include="Engine\08.Module\State\CNewState">
      <UniqueIdentifier>{031c9ae9-f1e2-4d91-8a8e-5cf50c60c9ab}</UniqueIdentifier>
    </Filter>
    <Filter Include="Engine\08.Module\State\CNewState\Attack">
      <UniqueIdentifier>{e0722b0b-a026-4697-8737-27edf2f5bef0}</UniqueIdentifier>
    </Filter>
    <Filter Include="Engine\08.Module\State\CNewState\Trace">
      <UniqueIdentifier>{2377a40f-c17f-4f92-ad28-469e181303a5}</UniqueIdentifier>
    </Filter>
    <Filter Include="Engine\08.Module\State\CNewState\Stone">
      <UniqueIdentifier>{d6d9ef98-33dc-45d0-a2d7-4f109b785973}</UniqueIdentifier>
    </Filter>
    <Filter Include="Engine\08.Module\State\CNaiasState\Attack">
      <UniqueIdentifier>{5d2ff41e-36b1-4ccb-9582-35cfebe9a4d4}</UniqueIdentifier>
    </Filter>
    <Filter Include="Engine\08.Module\State\CNaiasState\Trace">
      <UniqueIdentifier>{2940de50-579c-4a66-b73f-21dac31756f9}</UniqueIdentifier>
    </Filter>
    <Filter Include="Engine\08.Module\State\CArdorState">
      <UniqueIdentifier>{2861782a-0af2-4372-a6b6-97782559be6b}</UniqueIdentifier>
    </Filter>
    <Filter Include="Engine\08.Module\State\CArdorState\Trace">
      <UniqueIdentifier>{151388c7-9e46-4ed1-8229-646590171d91}</UniqueIdentifier>
    </Filter>
    <Filter Include="Engine\08.Module\State\CArdorState\Attack">
      <UniqueIdentifier>{259bc054-a71f-4c87-b8e8-94bdbc3d4c50}</UniqueIdentifier>
    </Filter>
    <Filter Include="Engine\05.CObject\CMonster\CArdor">
      <UniqueIdentifier>{14f07d5e-12c6-4929-b623-da4a0cb4eab9}</UniqueIdentifier>
    </Filter>
    <Filter Include="Engine\05.CObject\CBoss\Lord">
      <UniqueIdentifier>{1326f8db-c07a-4fbe-b5a1-63dad9f53e48}</UniqueIdentifier>
    </Filter>
    <Filter Include="Engine\05.CObject\CBoss\Evileye">
      <UniqueIdentifier>{e9cde727-eb0b-4154-8e1a-bd1547116c4f}</UniqueIdentifier>
    </Filter>
    <Filter Include="Engine\05.CObject\CBoss\Evileye\EvileyeIdle">
      <UniqueIdentifier>{049d9685-6dbf-4c2d-80b7-947fe7d5c17e}</UniqueIdentifier>
    </Filter>
    <Filter Include="Engine\05.CObject\CBoss\Evileye\EvileyeAttack">
      <UniqueIdentifier>{62d36f4a-6221-4ef2-8949-81adbcc8946a}</UniqueIdentifier>
    </Filter>
    <Filter Include="Engine\05.CObject\CBoss\Evileye\Laser">
      <UniqueIdentifier>{24536336-bede-4ebf-bd49-6388e4e6b620}</UniqueIdentifier>
    </Filter>
    <Filter Include="Engine\05.CObject\CBoss\Evileye\ShotEye">
      <UniqueIdentifier>{b20f376a-9284-4b03-850a-91af1b6db467}</UniqueIdentifier>
    </Filter>
    <Filter Include="Engine\05.CObject\CBoss\Evileye\CreateEye">
      <UniqueIdentifier>{d850c1cb-f458-4440-81ba-6fab3eeefec3}</UniqueIdentifier>
    </Filter>
    <Filter Include="Engine\04.CScene\CutScene">
      <UniqueIdentifier>{3df4ef86-943a-4739-b508-b42eb62be8eb}</UniqueIdentifier>
    </Filter>
    <Filter Include="Engine\05.CObject\CBoss\Evileye\EvileyeTrace">
      <UniqueIdentifier>{aae79641-8ce1-45fd-8af7-219263d51e54}</UniqueIdentifier>
    </Filter>
    <Filter Include="Engine\05.CObject\CUI\CDungeonUI">
      <UniqueIdentifier>{6cf9125a-3858-4d86-93a9-a4b6848b20c5}</UniqueIdentifier>
    </Filter>
    <Filter Include="Engine\04.CScene\CSceneEvil">
      <UniqueIdentifier>{cb2471b7-1fc4-42cd-b021-c0fc7b8fdf5b}</UniqueIdentifier>
    </Filter>
    <Filter Include="Engine\07.Component\CSkill\SkillState\Rx78">
      <UniqueIdentifier>{508c48a2-8f3a-4f11-a77c-a3ac75810c60}</UniqueIdentifier>
    </Filter>
    <Filter Include="Engine\05.CObject\CRobot">
      <UniqueIdentifier>{fbe80a0e-022e-4bf3-805d-77b748460c76}</UniqueIdentifier>
    </Filter>
    <Filter Include="Engine\05.CObject\CRobot\CRobotRx78">
      <UniqueIdentifier>{b9834740-3b60-4a7d-a508-a6afc258e904}</UniqueIdentifier>
    </Filter>
    <Filter Include="Engine\07.Component\CSkill\SkillState\Fire">
      <UniqueIdentifier>{06d603f1-3ee8-4c35-b54c-e4162c132fbf}</UniqueIdentifier>
    </Filter>
    <Filter Include="Engine\07.Component\CSkill\SkillState\Fire\CTarget">
      <UniqueIdentifier>{3f80681a-d0c4-4710-8454-fbd139370f97}</UniqueIdentifier>
    </Filter>
    <Filter Include="Engine\07.Component\CSkill\SkillState\MechDrop">
      <UniqueIdentifier>{3f6be9e8-604b-4ff2-81ad-b61887c153af}</UniqueIdentifier>
    </Filter>
    <Filter Include="Engine\07.Component\CSkill\SkillState\MechDrop\DropRobot">
      <UniqueIdentifier>{b8ec0168-0e9e-4f80-9550-03824ac61622}</UniqueIdentifier>
    </Filter>
    <Filter Include="Engine\05.CObject\CRobot\CRobotFire78">
      <UniqueIdentifier>{a5669322-f2fc-45db-b619-419f681ce295}</UniqueIdentifier>
    </Filter>
    <Filter Include="Engine\05.CObject\CRobot\CRobotEx8">
      <UniqueIdentifier>{459200ad-5609-4fa4-9064-2a616dd59d17}</UniqueIdentifier>
    </Filter>
    <Filter Include="Engine\07.Component\CSkill\SkillState\CEx8">
      <UniqueIdentifier>{83397406-8d9a-4c2e-bc6b-471de977e1e5}</UniqueIdentifier>
    </Filter>
    <Filter Include="Engine\05.CObject\CRobot\CRobotExs">
      <UniqueIdentifier>{af984883-141b-4e24-8b7c-3fead9ad3c3b}</UniqueIdentifier>
    </Filter>
    <Filter Include="Engine\05.CObject\CRobot\CRobotExs\CExsFire">
      <UniqueIdentifier>{d7ef2a5e-21fb-4a7e-8d40-48e8e635adf9}</UniqueIdentifier>
    </Filter>
    <Filter Include="Engine\07.Component\CSkill\SkillState\CExs">
      <UniqueIdentifier>{90bb587e-8818-403d-b756-4441e8710312}</UniqueIdentifier>
    </Filter>
    <Filter Include="Engine\07.Component\CSkill\SkillState\MultiHead">
      <UniqueIdentifier>{742dfc46-c2f3-4c32-bd36-2a3a848725d5}</UniqueIdentifier>
    </Filter>
    <Filter Include="Engine\05.CObject\CParticle">
      <UniqueIdentifier>{fc5e96e7-5ea4-4d2b-88de-f4383e0f38db}</UniqueIdentifier>
    </Filter>
    <Filter Include="Engine\05.CObject\CUI\CInterFace\CInvenIcon">
      <UniqueIdentifier>{38545fdf-2458-462b-819d-e457bf5d4640}</UniqueIdentifier>
    </Filter>
    <Filter Include="Engine\05.CObject\CUI\CInterFace\CSkillIcon">
      <UniqueIdentifier>{583f1486-8bc4-452e-8f51-efbfba4e18db}</UniqueIdentifier>
    </Filter>
  </ItemGroup>
  <ItemGroup>
    <ClInclude Include="pch.h" />
    <ClInclude Include="Client.h">
      <Filter>Default</Filter>
    </ClInclude>
    <ClInclude Include="framework.h">
      <Filter>Default</Filter>
    </ClInclude>
    <ClInclude Include="Resource.h">
      <Filter>Default</Filter>
    </ClInclude>
    <ClInclude Include="targetver.h">
      <Filter>Default</Filter>
    </ClInclude>
    <ClInclude Include="CCore.h">
      <Filter>Engine\01.Core</Filter>
    </ClInclude>
    <ClInclude Include="define.h">
      <Filter>Engine\02.Header</Filter>
    </ClInclude>
    <ClInclude Include="struct.h">
      <Filter>Engine\02.Header</Filter>
    </ClInclude>
    <ClInclude Include="CObject.h">
      <Filter>Engine\05.CObject</Filter>
    </ClInclude>
    <ClInclude Include="CScene_Start.h">
      <Filter>Engine\04.CScene\CSceneStart</Filter>
    </ClInclude>
    <ClInclude Include="CPlayer.h">
      <Filter>Engine\05.CObject\CPlayer</Filter>
    </ClInclude>
    <ClInclude Include="CRes.h">
      <Filter>Engine\06.Resource</Filter>
    </ClInclude>
    <ClInclude Include="CTexture.h">
      <Filter>Engine\06.Resource\CTexture</Filter>
    </ClInclude>
    <ClInclude Include="CKeyMgr.h">
      <Filter>Engine\03.Manager\KeyMgr</Filter>
    </ClInclude>
    <ClInclude Include="CResMgr.h">
      <Filter>Engine\03.Manager\ResMgr</Filter>
    </ClInclude>
    <ClInclude Include="CSceneMgr.h">
      <Filter>Engine\03.Manager\SceneMgr</Filter>
    </ClInclude>
    <ClInclude Include="CTimeMgr.h">
      <Filter>Engine\03.Manager\TimeMgr</Filter>
    </ClInclude>
    <ClInclude Include="CPathMgr.h">
      <Filter>Engine\03.Manager\PathMgr</Filter>
    </ClInclude>
    <ClInclude Include="CRigidBody.h">
      <Filter>Engine\07.Component\Rigidbody</Filter>
    </ClInclude>
    <ClInclude Include="CMonster.h">
      <Filter>Engine\05.CObject\CMonster</Filter>
    </ClInclude>
    <ClInclude Include="CAnimator.h">
      <Filter>Engine\07.Component\Animator</Filter>
    </ClInclude>
    <ClInclude Include="CCollider.h">
      <Filter>Engine\07.Component\CCollider</Filter>
    </ClInclude>
    <ClInclude Include="CColliderMgr.h">
      <Filter>Engine\03.Manager\ColliderMgr</Filter>
    </ClInclude>
    <ClInclude Include="CCameraMgr.h">
      <Filter>Engine\03.Manager\CCameraMgr</Filter>
    </ClInclude>
    <ClInclude Include="CSeleteGDI.h">
      <Filter>Engine\08.Module</Filter>
    </ClInclude>
    <ClInclude Include="AI.h">
      <Filter>Engine\08.Module\AI</Filter>
    </ClInclude>
    <ClInclude Include="CIdleState.h">
      <Filter>Engine\08.Module\State\IdleState</Filter>
    </ClInclude>
    <ClInclude Include="CState.h">
      <Filter>Engine\08.Module\State</Filter>
    </ClInclude>
    <ClInclude Include="CEventMgr.h">
      <Filter>Engine\03.Manager\EventMgr</Filter>
    </ClInclude>
    <ClInclude Include="Header.h">
      <Filter>Engine\02.Header</Filter>
    </ClInclude>
    <ClInclude Include="CTraceState.h">
      <Filter>Engine\08.Module\State\Trace</Filter>
    </ClInclude>
    <ClInclude Include="CMonFactory.h">
      <Filter>Engine\09.Factory</Filter>
    </ClInclude>
    <ClInclude Include="CGravity.h">
      <Filter>Engine\07.Component\Gravity</Filter>
    </ClInclude>
    <ClInclude Include="CWall.h">
      <Filter>Engine\05.CObject\CWall</Filter>
    </ClInclude>
    <ClInclude Include="CPortal.h">
      <Filter>Engine\05.CObject\CPortal</Filter>
    </ClInclude>
    <ClInclude Include="CAnimation.h">
      <Filter>Engine\07.Component\Animator\CAnimation</Filter>
    </ClInclude>
    <ClInclude Include="CBullet.h">
      <Filter>Engine\05.CObject\CBullet</Filter>
    </ClInclude>
    <ClInclude Include="CSkill.h">
      <Filter>Engine\07.Component\CSkill</Filter>
    </ClInclude>
    <ClInclude Include="CSkillMgr.h">
      <Filter>Engine\03.Manager\SkillMgr</Filter>
    </ClInclude>
    <ClInclude Include="CSkillState.h">
      <Filter>Engine\07.Component\CSkill\SkillState</Filter>
    </ClInclude>
    <ClInclude Include="CWindmill.h">
      <Filter>Engine\07.Component\CSkill\SkillState\WindMill</Filter>
    </ClInclude>
    <ClInclude Include="CMachKick.h">
      <Filter>Engine\07.Component\CSkill\SkillState\MachKick</Filter>
    </ClInclude>
    <ClInclude Include="CKick.h">
      <Filter>Engine\07.Component\CSkill\SkillState\Kick</Filter>
    </ClInclude>
    <ClInclude Include="CWalkFire.h">
      <Filter>Engine\07.Component\CSkill\SkillState\WalkFire</Filter>
    </ClInclude>
    <ClInclude Include="CRandomFire.h">
      <Filter>Engine\07.Component\CSkill\SkillState\RandomFire</Filter>
    </ClInclude>
    <ClInclude Include="CPunisher.h">
      <Filter>Engine\07.Component\CSkill\SkillState\Punisher</Filter>
    </ClInclude>
    <ClInclude Include="CDragon.h">
      <Filter>Engine\05.CObject\CMonster\CDragon</Filter>
    </ClInclude>
    <ClInclude Include="CAttackState.h">
      <Filter>Engine\08.Module\State\CAttackState</Filter>
    </ClInclude>
    <ClInclude Include="CExclusiveTrace.h">
      <Filter>Engine\08.Module\State\Trace\CExclusiveTrace</Filter>
    </ClInclude>
    <ClInclude Include="CFireBall.h">
      <Filter>Engine\05.CObject\CFireBall</Filter>
    </ClInclude>
    <ClInclude Include="CHitState.h">
      <Filter>Engine\08.Module\State\CHitState</Filter>
    </ClInclude>
    <ClInclude Include="CDeadState.h">
      <Filter>Engine\08.Module\State\CDeadState</Filter>
    </ClInclude>
    <ClInclude Include="CHitUpper.h">
      <Filter>Engine\08.Module\State\CHitState\CHitUpper</Filter>
    </ClInclude>
    <ClInclude Include="CFSM.h">
      <Filter>Engine\08.Module\CPlayerFSM</Filter>
    </ClInclude>
    <ClInclude Include="CPlayerState.h">
      <Filter>Engine\08.Module\CPlayerFSM\CPlayerState</Filter>
    </ClInclude>
    <ClInclude Include="CPlayerIdle.h">
      <Filter>Engine\08.Module\CPlayerFSM\CPlayerState\CPlayerIdle</Filter>
    </ClInclude>
    <ClInclude Include="CPlayerWalk.h">
      <Filter>Engine\08.Module\CPlayerFSM\CPlayerState\CPlayerWalk</Filter>
    </ClInclude>
    <ClInclude Include="CPlayerRun.h">
      <Filter>Engine\08.Module\CPlayerFSM\CPlayerState\CPlayerRun</Filter>
    </ClInclude>
    <ClInclude Include="CPlayerJump.h">
      <Filter>Engine\08.Module\CPlayerFSM\CPlayerState\CPlayerJump</Filter>
    </ClInclude>
    <ClInclude Include="CPlayerJumpAir.h">
      <Filter>Engine\08.Module\CPlayerFSM\CPlayerState\CPlayerJumpAir</Filter>
    </ClInclude>
    <ClInclude Include="CPlayerJumpDown.h">
      <Filter>Engine\08.Module\CPlayerFSM\CPlayerState\CPlayerJumpDown</Filter>
    </ClInclude>
    <ClInclude Include="CPlayerAttack.h">
      <Filter>Engine\08.Module\CPlayerFSM\CPlayerState\CPlayerAttack</Filter>
    </ClInclude>
    <ClInclude Include="CPlayerAttackDown.h">
      <Filter>Engine\08.Module\CPlayerFSM\CPlayerState\CPlayerAttackDown</Filter>
    </ClInclude>
    <ClInclude Include="CPlayerJumpAttack.h">
      <Filter>Engine\08.Module\CPlayerFSM\CPlayerState\CPlayeJumpAttack</Filter>
    </ClInclude>
    <ClInclude Include="CPlayerSliding.h">
      <Filter>Engine\08.Module\CPlayerFSM\CPlayerState\CPlayerSliding</Filter>
    </ClInclude>
    <ClInclude Include="CSeriaScene.h">
      <Filter>Engine\04.CScene\CSeriaScene</Filter>
    </ClInclude>
    <ClInclude Include="CPlayerHit.h">
      <Filter>Engine\08.Module\CPlayerFSM\CPlayerState\CplayerHit</Filter>
    </ClInclude>
    <ClInclude Include="CPlayerHitUpper.h">
      <Filter>Engine\08.Module\CPlayerFSM\CPlayerState\CPlayerHitUpper</Filter>
    </ClInclude>
    <ClInclude Include="CUI.h">
      <Filter>Engine\05.CObject\CUI</Filter>
    </ClInclude>
    <ClInclude Include="CUIMgr.h">
      <Filter>Engine\03.Manager\CUIMgr</Filter>
    </ClInclude>
    <ClInclude Include="CInterFace.h">
      <Filter>Engine\05.CObject\CUI\CInterFace</Filter>
    </ClInclude>
    <ClInclude Include="CHP.h">
      <Filter>Engine\05.CObject\CUI\CInterFace\CHP</Filter>
    </ClInclude>
    <ClInclude Include="CMP.h">
      <Filter>Engine\05.CObject\CUI\CInterFace\CMP</Filter>
    </ClInclude>
    <ClInclude Include="CInterFaceMgr.h">
      <Filter>Engine\03.Manager\CInterFaceMgr</Filter>
    </ClInclude>
    <ClInclude Include="CBlueDragon.h">
      <Filter>Engine\05.CObject\CMonster\CBlueDragon</Filter>
    </ClInclude>
    <ClInclude Include="CAttackObject.h">
      <Filter>Engine\08.Module\State\CAttackState\CAttackObject</Filter>
    </ClInclude>
    <ClInclude Include="CDefenseState.h">
      <Filter>Engine\08.Module\State\CDefenseState</Filter>
    </ClInclude>
    <ClInclude Include="CMonInterface.h">
      <Filter>Engine\05.CObject\CUI\CMonUI\MonInterface</Filter>
    </ClInclude>
    <ClInclude Include="CMonHP.h">
      <Filter>Engine\05.CObject\CUI\CMonUI\CMonHP</Filter>
    </ClInclude>
    <ClInclude Include="CSceneBack.h">
      <Filter>Engine\04.CScene\CSceneBack</Filter>
    </ClInclude>
    <ClInclude Include="CMath.h">
      <Filter>Engine\02.Header</Filter>
    </ClInclude>
    <ClInclude Include="CSceneWest.h">
      <Filter>Engine\04.CScene\CSceneWest</Filter>
    </ClInclude>
    <ClInclude Include="CStoneBox.h">
      <Filter>Engine\05.CObject\SkyTowerObj\stonebox</Filter>
    </ClInclude>
    <ClInclude Include="CPillar.h">
      <Filter>Engine\05.CObject\SkyTowerObj\stone_pillar</Filter>
    </ClInclude>
    <ClInclude Include="CSpinner.h">
      <Filter>Engine\05.CObject\SkyTowerObj\spinner</Filter>
    </ClInclude>
    <ClInclude Include="CGate.h">
      <Filter>Engine\05.CObject\SkyTowerObj\gate</Filter>
    </ClInclude>
    <ClInclude Include="CCrystalPillar.h">
      <Filter>Engine\05.CObject\SkyTowerObj\crystal_pillar</Filter>
    </ClInclude>
    <ClInclude Include="CDragonObj.h">
      <Filter>Engine\05.CObject\SkyTowerObj\dragonobj</Filter>
    </ClInclude>
    <ClInclude Include="CNearAttack.h">
      <Filter>Engine\08.Module\State\CAttackState\Near</Filter>
    </ClInclude>
    <ClInclude Include="CStandOffAttack.h">
      <Filter>Engine\08.Module\State\BossAttackState\Standoff</Filter>
    </ClInclude>
    <ClInclude Include="CUltimateState.h">
      <Filter>Engine\08.Module\State\BossAttackState\UltimateState</Filter>
    </ClInclude>
    <ClInclude Include="CInventoryMgr.h">
      <Filter>Engine\03.Manager\CInventoryMgr</Filter>
    </ClInclude>
    <ClInclude Include="CItem.h">
      <Filter>Engine\05.CObject\CUI\CItem</Filter>
    </ClInclude>
    <ClInclude Include="CHPItem.h">
      <Filter>Engine\05.CObject\CUI\CItem\CHPItem</Filter>
    </ClInclude>
    <ClInclude Include="CInventory.h">
      <Filter>Engine\05.CObject\CUI\CItem\CInventory</Filter>
    </ClInclude>
    <ClInclude Include="CMPItem.h">
      <Filter>Engine\05.CObject\CUI\CItem\CMPItem</Filter>
    </ClInclude>
    <ClInclude Include="CItemObject.h">
      <Filter>Engine\05.CObject\CUI\CItem\CItemObject</Filter>
    </ClInclude>
    <ClInclude Include="CItemMgr.h">
      <Filter>Engine\03.Manager\CItemMgr</Filter>
    </ClInclude>
    <ClInclude Include="CBrDragon.h">
      <Filter>Engine\05.CObject\CMonster\CBrownDragon</Filter>
    </ClInclude>
    <ClInclude Include="CSceneTowerFirst.h">
      <Filter>Engine\04.CScene\CSceneSky</Filter>
    </ClInclude>
    <ClInclude Include="SceneTower_2.h">
      <Filter>Engine\04.CScene\CSceneSky\CSceneTower_2</Filter>
    </ClInclude>
    <ClInclude Include="SceneTower_3.h">
      <Filter>Engine\04.CScene\CSceneSky\CSceneTower_3</Filter>
    </ClInclude>
    <ClInclude Include="SceneTower_4.h">
      <Filter>Engine\04.CScene\CSceneSky\CSceneTower4</Filter>
    </ClInclude>
    <ClInclude Include="SceneTower5.h">
      <Filter>Engine\04.CScene\CSceneSky\SceneTower5</Filter>
    </ClInclude>
    <ClInclude Include="SceneBoss.h">
      <Filter>Engine\04.CScene\CSceneBoss</Filter>
    </ClInclude>
    <ClInclude Include="CWallPixle.h">
      <Filter>Engine\05.CObject\WallPixle</Filter>
    </ClInclude>
    <ClInclude Include="CTemWall.h">
      <Filter>Engine\05.CObject\CWall</Filter>
    </ClInclude>
    <ClInclude Include="CCoinMgr.h">
      <Filter>Engine\03.Manager\CCoinMgr</Filter>
    </ClInclude>
    <ClInclude Include="CPlayerDead.h">
      <Filter>Engine\08.Module\CPlayerFSM\CPlayerState\CPlayerDead</Filter>
    </ClInclude>
    <ClInclude Include="CKnight.h">
      <Filter>Engine\05.CObject\CMonster\CKnight</Filter>
    </ClInclude>
    <ClInclude Include="CStoneState.h">
      <Filter>Engine\08.Module\State\CNewState\Stone</Filter>
    </ClInclude>
    <ClInclude Include="CKnightTrace.h">
      <Filter>Engine\08.Module\State\CNewState\Trace</Filter>
    </ClInclude>
    <ClInclude Include="CSound.h">
      <Filter>Engine\06.Resource\CSound</Filter>
    </ClInclude>
    <ClInclude Include="CSoundMgr.h">
      <Filter>Engine\03.Manager\SoundMgr</Filter>
    </ClInclude>
    <ClInclude Include="CSceneLog.h">
      <Filter>Engine\04.CScene\CSceneLog</Filter>
    </ClInclude>
    <ClInclude Include="CScene.h">
      <Filter>Engine\04.CScene</Filter>
    </ClInclude>
    <ClInclude Include="CKnightAttack.h">
      <Filter>Engine\08.Module\State\CNewState\Attack</Filter>
    </ClInclude>
    <ClInclude Include="CLaser.h">
      <Filter>Engine\07.Component\CSkill\SkillState\Laser</Filter>
    </ClInclude>
    <ClInclude Include="CNaias.h">
      <Filter>Engine\05.CObject\CMonster\CNaias</Filter>
    </ClInclude>
    <ClInclude Include="CNaiasAttack.h">
      <Filter>Engine\08.Module\State\CNaiasState\Attack</Filter>
    </ClInclude>
    <ClInclude Include="CNaiasTrace.h">
      <Filter>Engine\08.Module\State\CNaiasState\Trace</Filter>
    </ClInclude>
    <ClInclude Include="CArdorAttack.h">
      <Filter>Engine\08.Module\State\CArdorState\Attack</Filter>
    </ClInclude>
    <ClInclude Include="CArdorTrace.h">
      <Filter>Engine\08.Module\State\CArdorState\Trace</Filter>
    </ClInclude>
    <ClInclude Include="CArdor.h">
      <Filter>Engine\05.CObject\CMonster\CArdor</Filter>
    </ClInclude>
    <ClInclude Include="CLord.h">
      <Filter>Engine\05.CObject\CBoss\Lord</Filter>
    </ClInclude>
    <ClInclude Include="CThunder.h">
      <Filter>Engine\05.CObject\CBoss\Lord</Filter>
    </ClInclude>
    <ClInclude Include="CThunderDown.h">
      <Filter>Engine\05.CObject\CBoss\Lord</Filter>
    </ClInclude>
    <ClInclude Include="CEvileye.h">
      <Filter>Engine\05.CObject\CBoss\Evileye</Filter>
    </ClInclude>
    <ClInclude Include="CEvileyeIdel.h">
      <Filter>Engine\05.CObject\CBoss\Evileye\EvileyeIdle</Filter>
    </ClInclude>
    <ClInclude Include="CEvileyeAttack.h">
      <Filter>Engine\05.CObject\CBoss\Evileye\EvileyeAttack</Filter>
    </ClInclude>
    <ClInclude Include="CEvilLaser.h">
      <Filter>Engine\05.CObject\CBoss\Evileye\Laser</Filter>
    </ClInclude>
    <ClInclude Include="CShotEye.h">
      <Filter>Engine\05.CObject\CBoss\Evileye\ShotEye</Filter>
    </ClInclude>
    <ClInclude Include="CCreateEye.h">
      <Filter>Engine\05.CObject\CBoss\Evileye\CreateEye</Filter>
    </ClInclude>
    <ClInclude Include="CCutScene.h">
      <Filter>Engine\04.CScene\CutScene</Filter>
    </ClInclude>
    <ClInclude Include="CEvileyeTrace.h">
      <Filter>Engine\05.CObject\CBoss\Evileye\EvileyeTrace</Filter>
    </ClInclude>
    <ClInclude Include="CDungeonUI.h">
      <Filter>Engine\05.CObject\CUI\CDungeonUI</Filter>
    </ClInclude>
    <ClInclude Include="CEvilScene_1.h">
      <Filter>Engine\04.CScene\CSceneEvil</Filter>
    </ClInclude>
    <ClInclude Include="CEvilScene_2.h">
      <Filter>Engine\04.CScene\CSceneEvil</Filter>
    </ClInclude>
    <ClInclude Include="CEvilScene_3.h">
      <Filter>Engine\04.CScene\CSceneEvil</Filter>
    </ClInclude>
    <ClInclude Include="CEvilScene_4.h">
      <Filter>Engine\04.CScene\CSceneEvil</Filter>
    </ClInclude>
    <ClInclude Include="CEvilScene_5.h">
      <Filter>Engine\04.CScene\CSceneEvil</Filter>
    </ClInclude>
    <ClInclude Include="CEvilBossScene.h">
      <Filter>Engine\04.CScene\CSceneEvil</Filter>
    </ClInclude>
    <ClInclude Include="CRx78.h">
      <Filter>Engine\07.Component\CSkill\SkillState\Rx78</Filter>
    </ClInclude>
    <ClInclude Include="CBoom.h">
      <Filter>Engine\05.CObject\CRobot</Filter>
    </ClInclude>
    <ClInclude Include="CRobotRx78.h">
      <Filter>Engine\05.CObject\CRobot\CRobotRx78</Filter>
    </ClInclude>
    <ClInclude Include="CFire.h">
      <Filter>Engine\07.Component\CSkill\SkillState\Fire</Filter>
    </ClInclude>
    <ClInclude Include="CTarget.h">
      <Filter>Engine\07.Component\CSkill\SkillState\Fire\CTarget</Filter>
    </ClInclude>
    <ClInclude Include="CMechDrop.h">
      <Filter>Engine\07.Component\CSkill\SkillState\MechDrop</Filter>
    </ClInclude>
    <ClInclude Include="CDropRobot.h">
      <Filter>Engine\07.Component\CSkill\SkillState\MechDrop\DropRobot</Filter>
    </ClInclude>
    <ClInclude Include="CRobotFire78.h">
      <Filter>Engine\05.CObject\CRobot\CRobotFire78</Filter>
    </ClInclude>
    <ClInclude Include="CRobotEx8.h">
      <Filter>Engine\05.CObject\CRobot\CRobotEx8</Filter>
    </ClInclude>
    <ClInclude Include="CEx8.h">
      <Filter>Engine\07.Component\CSkill\SkillState\CEx8</Filter>
    </ClInclude>
    <ClInclude Include="CRobotExs.h">
      <Filter>Engine\05.CObject\CRobot\CRobotExs</Filter>
    </ClInclude>
    <ClInclude Include="CExsFire.h">
      <Filter>Engine\05.CObject\CRobot\CRobotExs\CExsFire</Filter>
    </ClInclude>
    <ClInclude Include="CExs.h">
      <Filter>Engine\07.Component\CSkill\SkillState\CExs</Filter>
    </ClInclude>
    <ClInclude Include="CMultiHead.h">
      <Filter>Engine\07.Component\CSkill\SkillState\MultiHead</Filter>
    </ClInclude>
    <ClInclude Include="CParticle.h">
      <Filter>Engine\05.CObject\CParticle</Filter>
    </ClInclude>
    <ClInclude Include="CInvenIcon.h">
      <Filter>Engine\05.CObject\CUI\CInterFace\CInvenIcon</Filter>
    </ClInclude>
    <ClInclude Include="CSkillIcon.h">
      <Filter>Engine\05.CObject\CUI\CInterFace\CSkillIcon</Filter>
    </ClInclude>
  </ItemGroup>
  <ItemGroup>
    <ResourceCompile Include="Client.rc">
      <Filter>Default\리소스 파일</Filter>
    </ResourceCompile>
  </ItemGroup>
  <ItemGroup>
    <Image Include="small.ico">
      <Filter>Default\리소스 파일</Filter>
    </Image>
    <Image Include="Client.ico">
      <Filter>Default\리소스 파일</Filter>
    </Image>
  </ItemGroup>
  <ItemGroup>
    <ClCompile Include="main.cpp" />
    <ClCompile Include="CCore.cpp">
      <Filter>Engine\01.Core</Filter>
    </ClCompile>
    <ClCompile Include="CObject.cpp">
      <Filter>Engine\05.CObject</Filter>
    </ClCompile>
    <ClCompile Include="CScene_Start.cpp">
      <Filter>Engine\04.CScene\CSceneStart</Filter>
    </ClCompile>
    <ClCompile Include="CPlayer.cpp">
      <Filter>Engine\05.CObject\CPlayer</Filter>
    </ClCompile>
    <ClCompile Include="CRes.cpp">
      <Filter>Engine\06.Resource</Filter>
    </ClCompile>
    <ClCompile Include="CTexture.cpp">
      <Filter>Engine\06.Resource\CTexture</Filter>
    </ClCompile>
    <ClCompile Include="CKeyMgr.cpp">
      <Filter>Engine\03.Manager\KeyMgr</Filter>
    </ClCompile>
    <ClCompile Include="CResMgr.cpp">
      <Filter>Engine\03.Manager\ResMgr</Filter>
    </ClCompile>
    <ClCompile Include="CSceneMgr.cpp">
      <Filter>Engine\03.Manager\SceneMgr</Filter>
    </ClCompile>
    <ClCompile Include="CTimeMgr.cpp">
      <Filter>Engine\03.Manager\TimeMgr</Filter>
    </ClCompile>
    <ClCompile Include="CPathMgr.cpp">
      <Filter>Engine\03.Manager\PathMgr</Filter>
    </ClCompile>
    <ClCompile Include="CRigidBody.cpp">
      <Filter>Engine\07.Component\Rigidbody</Filter>
    </ClCompile>
    <ClCompile Include="CMonster.cpp">
      <Filter>Engine\05.CObject\CMonster</Filter>
    </ClCompile>
    <ClCompile Include="CAnimator.cpp">
      <Filter>Engine\07.Component\Animator</Filter>
    </ClCompile>
    <ClCompile Include="CCollider.cpp">
      <Filter>Engine\07.Component\CCollider</Filter>
    </ClCompile>
    <ClCompile Include="CColliderMgr.cpp">
      <Filter>Engine\03.Manager\ColliderMgr</Filter>
    </ClCompile>
    <ClCompile Include="CCameraMgr.cpp">
      <Filter>Engine\03.Manager\CCameraMgr</Filter>
    </ClCompile>
    <ClCompile Include="CSeleteGDI.cpp">
      <Filter>Engine\08.Module</Filter>
    </ClCompile>
    <ClCompile Include="AI.cpp">
      <Filter>Engine\08.Module\AI</Filter>
    </ClCompile>
    <ClCompile Include="CIdleState.cpp">
      <Filter>Engine\08.Module\State\IdleState</Filter>
    </ClCompile>
    <ClCompile Include="CState.cpp">
      <Filter>Engine\08.Module\State</Filter>
    </ClCompile>
    <ClCompile Include="CEventMgr.cpp">
      <Filter>Engine\03.Manager\EventMgr</Filter>
    </ClCompile>
    <ClCompile Include="Header.cpp">
      <Filter>Engine\02.Header</Filter>
    </ClCompile>
    <ClCompile Include="CTraceState.cpp">
      <Filter>Engine\08.Module\State\Trace</Filter>
    </ClCompile>
    <ClCompile Include="CGravity.cpp">
      <Filter>Engine\07.Component\Gravity</Filter>
    </ClCompile>
    <ClCompile Include="CWall.cpp">
      <Filter>Engine\05.CObject\CWall</Filter>
    </ClCompile>
    <ClCompile Include="CPortal.cpp">
      <Filter>Engine\05.CObject\CPortal</Filter>
    </ClCompile>
    <ClCompile Include="CAnimation.cpp">
      <Filter>Engine\07.Component\Animator\CAnimation</Filter>
    </ClCompile>
    <ClCompile Include="CBullet.cpp">
      <Filter>Engine\05.CObject\CBullet</Filter>
    </ClCompile>
    <ClCompile Include="CSkill.cpp">
      <Filter>Engine\07.Component\CSkill</Filter>
    </ClCompile>
    <ClCompile Include="CSkillMgr.cpp">
      <Filter>Engine\03.Manager\SkillMgr</Filter>
    </ClCompile>
    <ClCompile Include="CSkillState.cpp">
      <Filter>Engine\07.Component\CSkill\SkillState</Filter>
    </ClCompile>
    <ClCompile Include="CWindmill.cpp">
      <Filter>Engine\07.Component\CSkill\SkillState\WindMill</Filter>
    </ClCompile>
    <ClCompile Include="CMachKick.cpp">
      <Filter>Engine\07.Component\CSkill\SkillState\MachKick</Filter>
    </ClCompile>
    <ClCompile Include="CKick.cpp">
      <Filter>Engine\07.Component\CSkill\SkillState\Kick</Filter>
    </ClCompile>
    <ClCompile Include="CWalkFire.cpp">
      <Filter>Engine\07.Component\CSkill\SkillState\WalkFire</Filter>
    </ClCompile>
    <ClCompile Include="CRandomFire.cpp">
      <Filter>Engine\07.Component\CSkill\SkillState\RandomFire</Filter>
    </ClCompile>
    <ClCompile Include="CPunisher.cpp">
      <Filter>Engine\07.Component\CSkill\SkillState\Punisher</Filter>
    </ClCompile>
    <ClCompile Include="CDragon.cpp">
      <Filter>Engine\05.CObject\CMonster\CDragon</Filter>
    </ClCompile>
    <ClCompile Include="CAttackState.cpp">
      <Filter>Engine\08.Module\State\CAttackState</Filter>
    </ClCompile>
    <ClCompile Include="CExclusiveTrace.cpp">
      <Filter>Engine\08.Module\State\Trace\CExclusiveTrace</Filter>
    </ClCompile>
    <ClCompile Include="CFireBall.cpp">
      <Filter>Engine\05.CObject\CFireBall</Filter>
    </ClCompile>
    <ClCompile Include="CHitState.cpp">
      <Filter>Engine\08.Module\State\CHitState</Filter>
    </ClCompile>
    <ClCompile Include="CDeadState.cpp">
      <Filter>Engine\08.Module\State\CDeadState</Filter>
    </ClCompile>
    <ClCompile Include="CHitUpper.cpp">
      <Filter>Engine\08.Module\State\CHitState\CHitUpper</Filter>
    </ClCompile>
    <ClCompile Include="CFSM.cpp">
      <Filter>Engine\08.Module\CPlayerFSM</Filter>
    </ClCompile>
    <ClCompile Include="CPlayerState.cpp">
      <Filter>Engine\08.Module\CPlayerFSM\CPlayerState</Filter>
    </ClCompile>
    <ClCompile Include="CPlayerIdle.cpp">
      <Filter>Engine\08.Module\CPlayerFSM\CPlayerState\CPlayerIdle</Filter>
    </ClCompile>
    <ClCompile Include="CPlayerWalk.cpp">
      <Filter>Engine\08.Module\CPlayerFSM\CPlayerState\CPlayerWalk</Filter>
    </ClCompile>
    <ClCompile Include="CPlayerRun.cpp">
      <Filter>Engine\08.Module\CPlayerFSM\CPlayerState\CPlayerRun</Filter>
    </ClCompile>
    <ClCompile Include="CPlayerJump.cpp">
      <Filter>Engine\08.Module\CPlayerFSM\CPlayerState\CPlayerJump</Filter>
    </ClCompile>
    <ClCompile Include="CPlayerJumpAir.cpp">
      <Filter>Engine\08.Module\CPlayerFSM\CPlayerState\CPlayerJumpAir</Filter>
    </ClCompile>
    <ClCompile Include="CPlayerJumpDown.cpp">
      <Filter>Engine\08.Module\CPlayerFSM\CPlayerState\CPlayerJumpDown</Filter>
    </ClCompile>
    <ClCompile Include="CPlayerAttack.cpp">
      <Filter>Engine\08.Module\CPlayerFSM\CPlayerState\CPlayerAttack</Filter>
    </ClCompile>
    <ClCompile Include="CPlayerAttackDown.cpp">
      <Filter>Engine\08.Module\CPlayerFSM\CPlayerState\CPlayerAttackDown</Filter>
    </ClCompile>
    <ClCompile Include="CPlayerJumpAttack.cpp">
      <Filter>Engine\08.Module\CPlayerFSM\CPlayerState\CPlayeJumpAttack</Filter>
    </ClCompile>
    <ClCompile Include="CPlayerSliding.cpp">
      <Filter>Engine\08.Module\CPlayerFSM\CPlayerState\CPlayerSliding</Filter>
    </ClCompile>
    <ClCompile Include="CSeriaScene.cpp">
      <Filter>Engine\04.CScene\CSeriaScene</Filter>
    </ClCompile>
    <ClCompile Include="CPlayerHit.cpp">
      <Filter>Engine\08.Module\CPlayerFSM\CPlayerState\CplayerHit</Filter>
    </ClCompile>
    <ClCompile Include="CPlayerHitUpper.cpp">
      <Filter>Engine\08.Module\CPlayerFSM\CPlayerState\CPlayerHitUpper</Filter>
    </ClCompile>
    <ClCompile Include="CUI.cpp">
      <Filter>Engine\05.CObject\CUI</Filter>
    </ClCompile>
    <ClCompile Include="CUIMgr.cpp">
      <Filter>Engine\03.Manager\CUIMgr</Filter>
    </ClCompile>
    <ClCompile Include="CInterFace.cpp">
      <Filter>Engine\05.CObject\CUI\CInterFace</Filter>
    </ClCompile>
    <ClCompile Include="CHP.cpp">
      <Filter>Engine\05.CObject\CUI\CInterFace\CHP</Filter>
    </ClCompile>
    <ClCompile Include="CMP.cpp">
      <Filter>Engine\05.CObject\CUI\CInterFace\CMP</Filter>
    </ClCompile>
    <ClCompile Include="CInterFaceMgr.cpp">
      <Filter>Engine\03.Manager\CInterFaceMgr</Filter>
    </ClCompile>
    <ClCompile Include="CBlueDragon.cpp">
      <Filter>Engine\05.CObject\CMonster\CBlueDragon</Filter>
    </ClCompile>
    <ClCompile Include="CAttackObject.cpp">
      <Filter>Engine\08.Module\State\CAttackState\CAttackObject</Filter>
    </ClCompile>
    <ClCompile Include="CDefenseState.cpp">
      <Filter>Engine\08.Module\State\CDefenseState</Filter>
    </ClCompile>
    <ClCompile Include="CMonInterface.cpp">
      <Filter>Engine\05.CObject\CUI\CMonUI\MonInterface</Filter>
    </ClCompile>
    <ClCompile Include="CMonHP.cpp">
      <Filter>Engine\05.CObject\CUI\CMonUI\CMonHP</Filter>
    </ClCompile>
    <ClCompile Include="CSceneBack.cpp">
      <Filter>Engine\04.CScene\CSceneBack</Filter>
    </ClCompile>
    <ClCompile Include="CSceneWest.cpp">
      <Filter>Engine\04.CScene\CSceneWest</Filter>
    </ClCompile>
    <ClCompile Include="CStoneBox.cpp">
      <Filter>Engine\05.CObject\SkyTowerObj\stonebox</Filter>
    </ClCompile>
    <ClCompile Include="CPillar.cpp">
      <Filter>Engine\05.CObject\SkyTowerObj\stone_pillar</Filter>
    </ClCompile>
    <ClCompile Include="CSpinner.cpp">
      <Filter>Engine\05.CObject\SkyTowerObj\spinner</Filter>
    </ClCompile>
    <ClCompile Include="CGate.cpp">
      <Filter>Engine\05.CObject\SkyTowerObj\gate</Filter>
    </ClCompile>
    <ClCompile Include="CCrystalPillar.cpp">
      <Filter>Engine\05.CObject\SkyTowerObj\crystal_pillar</Filter>
    </ClCompile>
    <ClCompile Include="CDragonObj.cpp">
      <Filter>Engine\05.CObject\SkyTowerObj\dragonobj</Filter>
    </ClCompile>
    <ClCompile Include="CMonFactory.cpp">
      <Filter>Engine\09.Factory</Filter>
    </ClCompile>
    <ClCompile Include="CNearAttack.cpp">
      <Filter>Engine\08.Module\State\CAttackState\Near</Filter>
    </ClCompile>
    <ClCompile Include="CStandOffAttack.cpp">
      <Filter>Engine\08.Module\State\BossAttackState\Standoff</Filter>
    </ClCompile>
    <ClCompile Include="CUltimateState.cpp">
      <Filter>Engine\08.Module\State\BossAttackState\UltimateState</Filter>
    </ClCompile>
    <ClCompile Include="CInventoryMgr.cpp">
      <Filter>Engine\03.Manager\CInventoryMgr</Filter>
    </ClCompile>
    <ClCompile Include="CItem.cpp">
      <Filter>Engine\05.CObject\CUI\CItem</Filter>
    </ClCompile>
    <ClCompile Include="CHPItem.cpp">
      <Filter>Engine\05.CObject\CUI\CItem\CHPItem</Filter>
    </ClCompile>
    <ClCompile Include="CInventory.cpp">
      <Filter>Engine\05.CObject\CUI\CItem\CInventory</Filter>
    </ClCompile>
    <ClCompile Include="CMPItem.cpp">
      <Filter>Engine\05.CObject\CUI\CItem\CMPItem</Filter>
    </ClCompile>
    <ClCompile Include="CItemObject.cpp">
      <Filter>Engine\05.CObject\CUI\CItem\CItemObject</Filter>
    </ClCompile>
    <ClCompile Include="CItemMgr.cpp">
      <Filter>Engine\03.Manager\CItemMgr</Filter>
    </ClCompile>
    <ClCompile Include="CBrDragon.cpp">
      <Filter>Engine\05.CObject\CMonster\CBrownDragon</Filter>
    </ClCompile>
    <ClCompile Include="CSceneTowerFirst.cpp">
      <Filter>Engine\04.CScene\CSceneSky</Filter>
    </ClCompile>
    <ClCompile Include="SceneTower_2.cpp">
      <Filter>Engine\04.CScene\CSceneSky\CSceneTower_2</Filter>
    </ClCompile>
    <ClCompile Include="SceneTower_3.cpp">
      <Filter>Engine\04.CScene\CSceneSky\CSceneTower_3</Filter>
    </ClCompile>
    <ClCompile Include="SceneTower_4.cpp">
      <Filter>Engine\04.CScene\CSceneSky\CSceneTower4</Filter>
    </ClCompile>
    <ClCompile Include="SceneTower5.cpp">
      <Filter>Engine\04.CScene\CSceneSky\SceneTower5</Filter>
    </ClCompile>
    <ClCompile Include="SceneBoss.cpp">
      <Filter>Engine\04.CScene\CSceneBoss</Filter>
    </ClCompile>
    <ClCompile Include="CWallPixle.cpp">
      <Filter>Engine\05.CObject\WallPixle</Filter>
    </ClCompile>
    <ClCompile Include="CTemWall.cpp">
      <Filter>Engine\05.CObject\CWall</Filter>
    </ClCompile>
    <ClCompile Include="CCoinMgr.cpp">
      <Filter>Engine\03.Manager\CCoinMgr</Filter>
    </ClCompile>
    <ClCompile Include="CPlayerDead.cpp">
      <Filter>Engine\08.Module\CPlayerFSM\CPlayerState\CPlayerDead</Filter>
    </ClCompile>
    <ClCompile Include="CKnight.cpp">
      <Filter>Engine\05.CObject\CMonster\CKnight</Filter>
    </ClCompile>
    <ClCompile Include="CStoneState.cpp">
      <Filter>Engine\08.Module\State\CNewState\Stone</Filter>
    </ClCompile>
    <ClCompile Include="CKnightTrace.cpp">
      <Filter>Engine\08.Module\State\CNewState\Trace</Filter>
    </ClCompile>
    <ClCompile Include="CSound.cpp">
      <Filter>Engine\06.Resource\CSound</Filter>
    </ClCompile>
    <ClCompile Include="CSoundMgr.cpp">
      <Filter>Engine\03.Manager\SoundMgr</Filter>
    </ClCompile>
    <ClCompile Include="CSceneLog.cpp">
      <Filter>Engine\04.CScene\CSceneLog</Filter>
    </ClCompile>
    <ClCompile Include="CScene.cpp">
      <Filter>Engine\04.CScene</Filter>
    </ClCompile>
    <ClCompile Include="CKnightAttack.cpp">
      <Filter>Engine\08.Module\State\CNewState\Attack</Filter>
    </ClCompile>
    <ClCompile Include="CLaser.cpp">
      <Filter>Engine\07.Component\CSkill\SkillState\Laser</Filter>
    </ClCompile>
    <ClCompile Include="CNaias.cpp">
      <Filter>Engine\05.CObject\CMonster\CNaias</Filter>
    </ClCompile>
    <ClCompile Include="CNaiasAttack.cpp">
      <Filter>Engine\08.Module\State\CNaiasState\Attack</Filter>
    </ClCompile>
    <ClCompile Include="CNaiasTrace.cpp">
      <Filter>Engine\08.Module\State\CNaiasState\Trace</Filter>
    </ClCompile>
    <ClCompile Include="CArdorAttack.cpp">
      <Filter>Engine\08.Module\State\CArdorState\Attack</Filter>
    </ClCompile>
    <ClCompile Include="CArdorTrace.cpp">
      <Filter>Engine\08.Module\State\CArdorState\Trace</Filter>
    </ClCompile>
    <ClCompile Include="CArdor.cpp">
      <Filter>Engine\05.CObject\CMonster\CArdor</Filter>
    </ClCompile>
    <ClCompile Include="CLord.cpp">
      <Filter>Engine\05.CObject\CBoss\Lord</Filter>
    </ClCompile>
    <ClCompile Include="CThunder.cpp">
      <Filter>Engine\05.CObject\CBoss\Lord</Filter>
    </ClCompile>
    <ClCompile Include="CThunderDown.cpp">
      <Filter>Engine\05.CObject\CBoss\Lord</Filter>
    </ClCompile>
    <ClCompile Include="CEvileye.cpp">
      <Filter>Engine\05.CObject\CBoss\Evileye</Filter>
    </ClCompile>
    <ClCompile Include="CEvileyeIdel.cpp">
      <Filter>Engine\05.CObject\CBoss\Evileye\EvileyeIdle</Filter>
    </ClCompile>
    <ClCompile Include="CEvileyeAttack.cpp">
      <Filter>Engine\05.CObject\CBoss\Evileye\EvileyeAttack</Filter>
    </ClCompile>
    <ClCompile Include="CEvilLaser.cpp">
      <Filter>Engine\05.CObject\CBoss\Evileye\Laser</Filter>
    </ClCompile>
    <ClCompile Include="CShotEye.cpp">
      <Filter>Engine\05.CObject\CBoss\Evileye\ShotEye</Filter>
    </ClCompile>
    <ClCompile Include="CCreateEye.cpp">
      <Filter>Engine\05.CObject\CBoss\Evileye\CreateEye</Filter>
    </ClCompile>
    <ClCompile Include="CCutScene.cpp">
      <Filter>Engine\04.CScene\CutScene</Filter>
    </ClCompile>
    <ClCompile Include="CEvileyeTrace.cpp">
      <Filter>Engine\05.CObject\CBoss\Evileye\EvileyeTrace</Filter>
    </ClCompile>
    <ClCompile Include="CDungeonUI.cpp">
      <Filter>Engine\05.CObject\CUI\CDungeonUI</Filter>
    </ClCompile>
    <ClCompile Include="CEvilScene_1.cpp">
      <Filter>Engine\04.CScene\CSceneEvil</Filter>
    </ClCompile>
    <ClCompile Include="CEvilScene_2.cpp">
      <Filter>Engine\04.CScene\CSceneEvil</Filter>
    </ClCompile>
    <ClCompile Include="CEvilScene_3.cpp">
      <Filter>Engine\04.CScene\CSceneEvil</Filter>
    </ClCompile>
    <ClCompile Include="CEvilScene_4.cpp">
      <Filter>Engine\04.CScene\CSceneEvil</Filter>
    </ClCompile>
    <ClCompile Include="CEvilScene_5.cpp">
      <Filter>Engine\04.CScene\CSceneEvil</Filter>
    </ClCompile>
    <ClCompile Include="CEvilBossScene.cpp">
      <Filter>Engine\04.CScene\CSceneEvil</Filter>
    </ClCompile>
    <ClCompile Include="CRx78.cpp">
      <Filter>Engine\07.Component\CSkill\SkillState\Rx78</Filter>
    </ClCompile>
    <ClCompile Include="CBoom.cpp">
      <Filter>Engine\05.CObject\CRobot</Filter>
    </ClCompile>
    <ClCompile Include="CRobotRx78.cpp">
      <Filter>Engine\05.CObject\CRobot\CRobotRx78</Filter>
    </ClCompile>
    <ClCompile Include="CFire.cpp">
      <Filter>Engine\07.Component\CSkill\SkillState\Fire</Filter>
    </ClCompile>
    <ClCompile Include="CTarget.cpp">
      <Filter>Engine\07.Component\CSkill\SkillState\Fire\CTarget</Filter>
    </ClCompile>
    <ClCompile Include="CMechDrop.cpp">
      <Filter>Engine\07.Component\CSkill\SkillState\MechDrop</Filter>
    </ClCompile>
    <ClCompile Include="CDropRobot.cpp">
      <Filter>Engine\07.Component\CSkill\SkillState\MechDrop\DropRobot</Filter>
    </ClCompile>
    <ClCompile Include="CRobotFire78.cpp">
      <Filter>Engine\05.CObject\CRobot\CRobotFire78</Filter>
    </ClCompile>
    <ClCompile Include="CRobotEx8.cpp">
      <Filter>Engine\05.CObject\CRobot\CRobotEx8</Filter>
    </ClCompile>
    <ClCompile Include="CEx8.cpp">
      <Filter>Engine\07.Component\CSkill\SkillState\CEx8</Filter>
    </ClCompile>
    <ClCompile Include="CRobotExs.cpp">
      <Filter>Engine\05.CObject\CRobot\CRobotExs</Filter>
    </ClCompile>
    <ClCompile Include="CExsFire.cpp">
      <Filter>Engine\05.CObject\CRobot\CRobotExs\CExsFire</Filter>
    </ClCompile>
    <ClCompile Include="CExs.cpp">
      <Filter>Engine\07.Component\CSkill\SkillState\CExs</Filter>
    </ClCompile>
    <ClCompile Include="CMultiHead.cpp">
      <Filter>Engine\07.Component\CSkill\SkillState\MultiHead</Filter>
    </ClCompile>
    <ClCompile Include="CParticle.cpp">
      <Filter>Engine\05.CObject\CParticle</Filter>
    </ClCompile>
    <ClCompile Include="CInvenIcon.cpp">
      <Filter>Engine\05.CObject\CUI\CInterFace\CInvenIcon</Filter>
    </ClCompile>
    <ClCompile Include="CSkillIcon.cpp">
      <Filter>Engine\05.CObject\CUI\CInterFace\CSkillIcon</Filter>
    </ClCompile>
  </ItemGroup>
</Project>